
Microsoft Visual Studio Solution File, Format Version 12.00
# Visual Studio Version 17
VisualStudioVersion = 17.8.34330.188
MinimumVisualStudioVersion = 10.0.40219.1
Project("{FAE04EC0-301F-11D3-BF4B-00C04F79EFBC}") = "Abuzarov.GraduateProject", "Abuzarov.GraduateProject\Abuzarov.GraduateProject.csproj", "{9AF138EF-9435-4D6B-BEB2-8DC84AF80E76}"
EndProject
Global
	GlobalSection(SolutionConfigurationPlatforms) = preSolution
		Debug|Any CPU = Debug|Any CPU
		Release|Any CPU = Release|Any CPU
	EndGlobalSection
	GlobalSection(ProjectConfigurationPlatforms) = postSolution
		{9AF138EF-9435-4D6B-BEB2-8DC84AF80E76}.Debug|Any CPU.ActiveCfg = Debug|Any CPU
		{9AF138EF-9435-4D6B-BEB2-8DC84AF80E76}.Debug|Any CPU.Build.0 = Debug|Any CPU
		{9AF138EF-9435-4D6B-BEB2-8DC84AF80E76}.Release|Any CPU.ActiveCfg = Release|Any CPU
		{9AF138EF-9435-4D6B-BEB2-8DC84AF80E76}.Release|Any CPU.Build.0 = Release|Any CPU
	EndGlobalSection
	GlobalSection(SolutionProperties) = preSolution
		HideSolutionNode = FALSE
	EndGlobalSection
	GlobalSection(ExtensibilityGlobals) = postSolution
		SolutionGuid = {FA4FBBEE-9B96-4AAA-91EC-FA82E352325B}
	EndGlobalSection
EndGlobal
